
Microsoft Visual Studio Solution File, Format Version 12.00
# Visual Studio 14
VisualStudioVersion = 14.0.23107.0
MinimumVisualStudioVersion = 10.0.40219.1
Project("{FAE04EC0-301F-11D3-BF4B-00C04F79EFBC}") = "Egharpay", "Egharpay\Egharpay.csproj", "{A5859E0E-3C08-4045-B8DC-B3FB13655B00}"
EndProject
Project("{FAE04EC0-301F-11D3-BF4B-00C04F79EFBC}") = "Egharpay.Business", "Egharpay.Business\Egharpay.Business.csproj", "{4D8119AD-3F77-4EF7-BCED-C1AAF638E2EC}"
EndProject
Project("{FAE04EC0-301F-11D3-BF4B-00C04F79EFBC}") = "Egharpay.Data", "Egharpay.Data\Egharpay.Data.csproj", "{BBAF06D0-C7E6-454F-96C3-801AD6076243}"
EndProject
Project("{FAE04EC0-301F-11D3-BF4B-00C04F79EFBC}") = "Egharpay.Entity", "Egharpay.Entity\Egharpay.Entity.csproj", "{4829285D-04B9-46DD-A961-5B90E7200473}"
EndProject
Project("{2150E333-8FDC-42A3-9474-1A3956D46DE8}") = "Solution Items", "Solution Items", "{09B23D92-4C82-4369-A4E4-B99533A44CFA}"
EndProject
Global
	GlobalSection(SolutionConfigurationPlatforms) = preSolution
		Debug|Any CPU = Debug|Any CPU
		Release|Any CPU = Release|Any CPU
	EndGlobalSection
	GlobalSection(ProjectConfigurationPlatforms) = postSolution
		{A5859E0E-3C08-4045-B8DC-B3FB13655B00}.Debug|Any CPU.ActiveCfg = Debug|Any CPU
		{A5859E0E-3C08-4045-B8DC-B3FB13655B00}.Debug|Any CPU.Build.0 = Debug|Any CPU
		{A5859E0E-3C08-4045-B8DC-B3FB13655B00}.Release|Any CPU.ActiveCfg = Release|Any CPU
		{A5859E0E-3C08-4045-B8DC-B3FB13655B00}.Release|Any CPU.Build.0 = Release|Any CPU
		{4D8119AD-3F77-4EF7-BCED-C1AAF638E2EC}.Debug|Any CPU.ActiveCfg = Debug|Any CPU
		{4D8119AD-3F77-4EF7-BCED-C1AAF638E2EC}.Debug|Any CPU.Build.0 = Debug|Any CPU
		{4D8119AD-3F77-4EF7-BCED-C1AAF638E2EC}.Release|Any CPU.ActiveCfg = Release|Any CPU
		{4D8119AD-3F77-4EF7-BCED-C1AAF638E2EC}.Release|Any CPU.Build.0 = Release|Any CPU
		{BBAF06D0-C7E6-454F-96C3-801AD6076243}.Debug|Any CPU.ActiveCfg = Debug|Any CPU
		{BBAF06D0-C7E6-454F-96C3-801AD6076243}.Debug|Any CPU.Build.0 = Debug|Any CPU
		{BBAF06D0-C7E6-454F-96C3-801AD6076243}.Release|Any CPU.ActiveCfg = Release|Any CPU
		{BBAF06D0-C7E6-454F-96C3-801AD6076243}.Release|Any CPU.Build.0 = Release|Any CPU
		{4829285D-04B9-46DD-A961-5B90E7200473}.Debug|Any CPU.ActiveCfg = Debug|Any CPU
		{4829285D-04B9-46DD-A961-5B90E7200473}.Debug|Any CPU.Build.0 = Debug|Any CPU
		{4829285D-04B9-46DD-A961-5B90E7200473}.Release|Any CPU.ActiveCfg = Release|Any CPU
		{4829285D-04B9-46DD-A961-5B90E7200473}.Release|Any CPU.Build.0 = Release|Any CPU
	EndGlobalSection
	GlobalSection(SolutionProperties) = preSolution
		HideSolutionNode = FALSE
	EndGlobalSection
EndGlobal
